
Microsoft Visual Studio Solution File, Format Version 12.00
# Visual Studio 15
VisualStudioVersion = 15.0.27130.2024
MinimumVisualStudioVersion = 10.0.40219.1
Project("{2150E333-8FDC-42A3-9474-1A3956D46DE8}") = "Others", "Others", "{32891F65-FBA1-42B2-918E-61F3A9623F2A}"
	ProjectSection(SolutionItems) = preProject
		.editorconfig = .editorconfig
		.gitignore = .gitignore
		NuGet.config = NuGet.config
		Readme.MD = Readme.MD
	EndProjectSection
EndProject
Project("{FAE04EC0-301F-11D3-BF4B-00C04F79EFBC}") = "NewLife.Cube", "NewLife.Cube\NewLife.Cube.csproj", "{7AC0E99B-CFD8-4B59-8838-503EAA30523F}"
EndProject
Project("{9A19103F-16F7-4668-BE54-9A1E7A4F7556}") = "NewLife.CubeNC", "NewLife.CubeNC\NewLife.CubeNC.csproj", "{637B6360-D9AB-4CB4-A1B4-6A8A899F57B3}"
EndProject
Project("{FAE04EC0-301F-11D3-BF4B-00C04F79EFBC}") = "CubeDemo", "CubeDemo\CubeDemo.csproj", "{188BFE7C-542D-4C9B-98BB-EFEA95C2CCDB}"
EndProject
Project("{9A19103F-16F7-4668-BE54-9A1E7A4F7556}") = "CubeDemoNC", "CubeDemoNC\CubeDemoNC.csproj", "{C9830F6C-8EB3-4115-A7CA-821F02349E3B}"
EndProject
Project("{9A19103F-16F7-4668-BE54-9A1E7A4F7556}") = "Pig.Repository", "Pig.Repository\Pig.Repository.csproj", "{D703FCAF-88FB-472D-ACA7-97052831BBEC}"
EndProject
Project("{9A19103F-16F7-4668-BE54-9A1E7A4F7556}") = "Pig.Weixin", "Pig.Weixin\Pig.Weixin.csproj", "{7AA63570-D3E3-41A0-B81B-88EBACDB61AA}"
EndProject
Project("{9A19103F-16F7-4668-BE54-9A1E7A4F7556}") = "CubeApi", "CubeApi\CubeApi.csproj", "{3499CA29-BB1E-4CB5-90B1-39FC5B82B79C}"
EndProject
Project("{2150E333-8FDC-42A3-9474-1A3956D46DE8}") = "WX", "WX", "{AB1C1681-D3AA-4CAD-9FE4-DF2BB4431A8F}"
EndProject
Project("{9A19103F-16F7-4668-BE54-9A1E7A4F7556}") = "Senparc.Weixin.vs2017", "..\WeiXinMPSDK\src\Senparc.Weixin\Senparc.Weixin\Senparc.Weixin.vs2017.csproj", "{49C0DBE3-B765-40EA-BCB3-E5871D863B61}"
EndProject
Project("{9A19103F-16F7-4668-BE54-9A1E7A4F7556}") = "Senparc.Weixin.MP.vs2017", "..\WeiXinMPSDK\src\Senparc.Weixin.MP\Senparc.Weixin.MP\Senparc.Weixin.MP.vs2017.csproj", "{58956C4A-C450-4BFE-8AC5-8601446C33EB}"
EndProject
Project("{9A19103F-16F7-4668-BE54-9A1E7A4F7556}") = "Senparc.Weixin.MP.MvcExtension.vs2017", "..\WeiXinMPSDK\src\Senparc.Weixin.MP.MvcExtension\Senparc.Weixin.MP.MvcExtension\Senparc.Weixin.MP.MvcExtension.vs2017.csproj", "{80B40DD8-07F8-47D1-8539-DDC1CA236A75}"
EndProject
Project("{2150E333-8FDC-42A3-9474-1A3956D46DE8}") = "newlife", "newlife", "{B6F7F19A-FC45-48DE-BE15-EEF98264B208}"
EndProject
Global
	GlobalSection(SolutionConfigurationPlatforms) = preSolution
		Debug|Any CPU = Debug|Any CPU
		Debug|x86 = Debug|x86
		Release|Any CPU = Release|Any CPU
		Release|x86 = Release|x86
		Test|Any CPU = Test|Any CPU
		Test|x86 = Test|x86
	EndGlobalSection
	GlobalSection(ProjectConfigurationPlatforms) = postSolution
		{7AC0E99B-CFD8-4B59-8838-503EAA30523F}.Debug|Any CPU.ActiveCfg = Debug|Any CPU
		{7AC0E99B-CFD8-4B59-8838-503EAA30523F}.Debug|Any CPU.Build.0 = Debug|Any CPU
		{7AC0E99B-CFD8-4B59-8838-503EAA30523F}.Debug|x86.ActiveCfg = Debug|Any CPU
		{7AC0E99B-CFD8-4B59-8838-503EAA30523F}.Release|Any CPU.ActiveCfg = Release|Any CPU
		{7AC0E99B-CFD8-4B59-8838-503EAA30523F}.Release|Any CPU.Build.0 = Release|Any CPU
		{7AC0E99B-CFD8-4B59-8838-503EAA30523F}.Release|x86.ActiveCfg = Release|Any CPU
		{7AC0E99B-CFD8-4B59-8838-503EAA30523F}.Test|Any CPU.ActiveCfg = Release|Any CPU
		{7AC0E99B-CFD8-4B59-8838-503EAA30523F}.Test|x86.ActiveCfg = Release|Any CPU
		{637B6360-D9AB-4CB4-A1B4-6A8A899F57B3}.Debug|Any CPU.ActiveCfg = Debug|Any CPU
		{637B6360-D9AB-4CB4-A1B4-6A8A899F57B3}.Debug|Any CPU.Build.0 = Debug|Any CPU
		{637B6360-D9AB-4CB4-A1B4-6A8A899F57B3}.Debug|x86.ActiveCfg = Debug|Any CPU
		{637B6360-D9AB-4CB4-A1B4-6A8A899F57B3}.Debug|x86.Build.0 = Debug|Any CPU
		{637B6360-D9AB-4CB4-A1B4-6A8A899F57B3}.Release|Any CPU.ActiveCfg = Release|Any CPU
		{637B6360-D9AB-4CB4-A1B4-6A8A899F57B3}.Release|Any CPU.Build.0 = Release|Any CPU
		{637B6360-D9AB-4CB4-A1B4-6A8A899F57B3}.Release|x86.ActiveCfg = Release|Any CPU
		{637B6360-D9AB-4CB4-A1B4-6A8A899F57B3}.Release|x86.Build.0 = Release|Any CPU
		{637B6360-D9AB-4CB4-A1B4-6A8A899F57B3}.Test|Any CPU.ActiveCfg = Release|Any CPU
		{637B6360-D9AB-4CB4-A1B4-6A8A899F57B3}.Test|Any CPU.Build.0 = Release|Any CPU
		{637B6360-D9AB-4CB4-A1B4-6A8A899F57B3}.Test|x86.ActiveCfg = Release|Any CPU
		{637B6360-D9AB-4CB4-A1B4-6A8A899F57B3}.Test|x86.Build.0 = Release|Any CPU
		{188BFE7C-542D-4C9B-98BB-EFEA95C2CCDB}.Debug|Any CPU.ActiveCfg = Debug|Any CPU
		{188BFE7C-542D-4C9B-98BB-EFEA95C2CCDB}.Debug|Any CPU.Build.0 = Debug|Any CPU
		{188BFE7C-542D-4C9B-98BB-EFEA95C2CCDB}.Debug|x86.ActiveCfg = Debug|Any CPU
		{188BFE7C-542D-4C9B-98BB-EFEA95C2CCDB}.Debug|x86.Build.0 = Debug|Any CPU
		{188BFE7C-542D-4C9B-98BB-EFEA95C2CCDB}.Release|Any CPU.ActiveCfg = Release|Any CPU
		{188BFE7C-542D-4C9B-98BB-EFEA95C2CCDB}.Release|Any CPU.Build.0 = Release|Any CPU
		{188BFE7C-542D-4C9B-98BB-EFEA95C2CCDB}.Release|x86.ActiveCfg = Release|Any CPU
		{188BFE7C-542D-4C9B-98BB-EFEA95C2CCDB}.Release|x86.Build.0 = Release|Any CPU
		{188BFE7C-542D-4C9B-98BB-EFEA95C2CCDB}.Test|Any CPU.ActiveCfg = Release|Any CPU
		{188BFE7C-542D-4C9B-98BB-EFEA95C2CCDB}.Test|Any CPU.Build.0 = Release|Any CPU
		{188BFE7C-542D-4C9B-98BB-EFEA95C2CCDB}.Test|x86.ActiveCfg = Release|Any CPU
		{188BFE7C-542D-4C9B-98BB-EFEA95C2CCDB}.Test|x86.Build.0 = Release|Any CPU
		{C9830F6C-8EB3-4115-A7CA-821F02349E3B}.Debug|Any CPU.ActiveCfg = Debug|Any CPU
		{C9830F6C-8EB3-4115-A7CA-821F02349E3B}.Debug|Any CPU.Build.0 = Debug|Any CPU
		{C9830F6C-8EB3-4115-A7CA-821F02349E3B}.Debug|x86.ActiveCfg = Debug|Any CPU
		{C9830F6C-8EB3-4115-A7CA-821F02349E3B}.Debug|x86.Build.0 = Debug|Any CPU
		{C9830F6C-8EB3-4115-A7CA-821F02349E3B}.Release|Any CPU.ActiveCfg = Release|Any CPU
		{C9830F6C-8EB3-4115-A7CA-821F02349E3B}.Release|Any CPU.Build.0 = Release|Any CPU
		{C9830F6C-8EB3-4115-A7CA-821F02349E3B}.Release|x86.ActiveCfg = Release|Any CPU
		{C9830F6C-8EB3-4115-A7CA-821F02349E3B}.Release|x86.Build.0 = Release|Any CPU
		{C9830F6C-8EB3-4115-A7CA-821F02349E3B}.Test|Any CPU.ActiveCfg = Release|Any CPU
		{C9830F6C-8EB3-4115-A7CA-821F02349E3B}.Test|Any CPU.Build.0 = Release|Any CPU
		{C9830F6C-8EB3-4115-A7CA-821F02349E3B}.Test|x86.ActiveCfg = Release|Any CPU
		{C9830F6C-8EB3-4115-A7CA-821F02349E3B}.Test|x86.Build.0 = Release|Any CPU
		{D703FCAF-88FB-472D-ACA7-97052831BBEC}.Debug|Any CPU.ActiveCfg = Debug|Any CPU
		{D703FCAF-88FB-472D-ACA7-97052831BBEC}.Debug|Any CPU.Build.0 = Debug|Any CPU
		{D703FCAF-88FB-472D-ACA7-97052831BBEC}.Debug|x86.ActiveCfg = Debug|Any CPU
		{D703FCAF-88FB-472D-ACA7-97052831BBEC}.Debug|x86.Build.0 = Debug|Any CPU
		{D703FCAF-88FB-472D-ACA7-97052831BBEC}.Release|Any CPU.ActiveCfg = Release|Any CPU
		{D703FCAF-88FB-472D-ACA7-97052831BBEC}.Release|Any CPU.Build.0 = Release|Any CPU
		{D703FCAF-88FB-472D-ACA7-97052831BBEC}.Release|x86.ActiveCfg = Release|Any CPU
		{D703FCAF-88FB-472D-ACA7-97052831BBEC}.Release|x86.Build.0 = Release|Any CPU
		{D703FCAF-88FB-472D-ACA7-97052831BBEC}.Test|Any CPU.ActiveCfg = Release|Any CPU
		{D703FCAF-88FB-472D-ACA7-97052831BBEC}.Test|Any CPU.Build.0 = Release|Any CPU
		{D703FCAF-88FB-472D-ACA7-97052831BBEC}.Test|x86.ActiveCfg = Release|Any CPU
		{D703FCAF-88FB-472D-ACA7-97052831BBEC}.Test|x86.Build.0 = Release|Any CPU
		{7AA63570-D3E3-41A0-B81B-88EBACDB61AA}.Debug|Any CPU.ActiveCfg = Debug|Any CPU
		{7AA63570-D3E3-41A0-B81B-88EBACDB61AA}.Debug|Any CPU.Build.0 = Debug|Any CPU
		{7AA63570-D3E3-41A0-B81B-88EBACDB61AA}.Debug|x86.ActiveCfg = Debug|Any CPU
		{7AA63570-D3E3-41A0-B81B-88EBACDB61AA}.Debug|x86.Build.0 = Debug|Any CPU
		{7AA63570-D3E3-41A0-B81B-88EBACDB61AA}.Release|Any CPU.ActiveCfg = Release|Any CPU
		{7AA63570-D3E3-41A0-B81B-88EBACDB61AA}.Release|Any CPU.Build.0 = Release|Any CPU
		{7AA63570-D3E3-41A0-B81B-88EBACDB61AA}.Release|x86.ActiveCfg = Release|Any CPU
		{7AA63570-D3E3-41A0-B81B-88EBACDB61AA}.Release|x86.Build.0 = Release|Any CPU
		{7AA63570-D3E3-41A0-B81B-88EBACDB61AA}.Test|Any CPU.ActiveCfg = Release|Any CPU
		{7AA63570-D3E3-41A0-B81B-88EBACDB61AA}.Test|Any CPU.Build.0 = Release|Any CPU
		{7AA63570-D3E3-41A0-B81B-88EBACDB61AA}.Test|x86.ActiveCfg = Release|Any CPU
		{7AA63570-D3E3-41A0-B81B-88EBACDB61AA}.Test|x86.Build.0 = Release|Any CPU
		{3499CA29-BB1E-4CB5-90B1-39FC5B82B79C}.Debug|Any CPU.ActiveCfg = Debug|Any CPU
		{3499CA29-BB1E-4CB5-90B1-39FC5B82B79C}.Debug|Any CPU.Build.0 = Debug|Any CPU
		{3499CA29-BB1E-4CB5-90B1-39FC5B82B79C}.Debug|x86.ActiveCfg = Debug|Any CPU
		{3499CA29-BB1E-4CB5-90B1-39FC5B82B79C}.Debug|x86.Build.0 = Debug|Any CPU
		{3499CA29-BB1E-4CB5-90B1-39FC5B82B79C}.Release|Any CPU.ActiveCfg = Release|Any CPU
		{3499CA29-BB1E-4CB5-90B1-39FC5B82B79C}.Release|Any CPU.Build.0 = Release|Any CPU
		{3499CA29-BB1E-4CB5-90B1-39FC5B82B79C}.Release|x86.ActiveCfg = Release|Any CPU
		{3499CA29-BB1E-4CB5-90B1-39FC5B82B79C}.Release|x86.Build.0 = Release|Any CPU
		{3499CA29-BB1E-4CB5-90B1-39FC5B82B79C}.Test|Any CPU.ActiveCfg = Release|Any CPU
		{3499CA29-BB1E-4CB5-90B1-39FC5B82B79C}.Test|Any CPU.Build.0 = Release|Any CPU
		{3499CA29-BB1E-4CB5-90B1-39FC5B82B79C}.Test|x86.ActiveCfg = Release|Any CPU
		{3499CA29-BB1E-4CB5-90B1-39FC5B82B79C}.Test|x86.Build.0 = Release|Any CPU
		{49C0DBE3-B765-40EA-BCB3-E5871D863B61}.Debug|Any CPU.ActiveCfg = Debug|Any CPU
		{49C0DBE3-B765-40EA-BCB3-E5871D863B61}.Debug|Any CPU.Build.0 = Debug|Any CPU
		{49C0DBE3-B765-40EA-BCB3-E5871D863B61}.Debug|x86.ActiveCfg = Debug|Any CPU
		{49C0DBE3-B765-40EA-BCB3-E5871D863B61}.Debug|x86.Build.0 = Debug|Any CPU
		{49C0DBE3-B765-40EA-BCB3-E5871D863B61}.Release|Any CPU.ActiveCfg = Release|Any CPU
		{49C0DBE3-B765-40EA-BCB3-E5871D863B61}.Release|Any CPU.Build.0 = Release|Any CPU
		{49C0DBE3-B765-40EA-BCB3-E5871D863B61}.Release|x86.ActiveCfg = Release|Any CPU
		{49C0DBE3-B765-40EA-BCB3-E5871D863B61}.Release|x86.Build.0 = Release|Any CPU
		{49C0DBE3-B765-40EA-BCB3-E5871D863B61}.Test|Any CPU.ActiveCfg = Release|Any CPU
		{49C0DBE3-B765-40EA-BCB3-E5871D863B61}.Test|Any CPU.Build.0 = Release|Any CPU
		{49C0DBE3-B765-40EA-BCB3-E5871D863B61}.Test|x86.ActiveCfg = Release|Any CPU
		{49C0DBE3-B765-40EA-BCB3-E5871D863B61}.Test|x86.Build.0 = Release|Any CPU
		{58956C4A-C450-4BFE-8AC5-8601446C33EB}.Debug|Any CPU.ActiveCfg = Debug|Any CPU
		{58956C4A-C450-4BFE-8AC5-8601446C33EB}.Debug|Any CPU.Build.0 = Debug|Any CPU
		{58956C4A-C450-4BFE-8AC5-8601446C33EB}.Debug|x86.ActiveCfg = Debug|Any CPU
		{58956C4A-C450-4BFE-8AC5-8601446C33EB}.Debug|x86.Build.0 = Debug|Any CPU
		{58956C4A-C450-4BFE-8AC5-8601446C33EB}.Release|Any CPU.ActiveCfg = Release|Any CPU
		{58956C4A-C450-4BFE-8AC5-8601446C33EB}.Release|Any CPU.Build.0 = Release|Any CPU
		{58956C4A-C450-4BFE-8AC5-8601446C33EB}.Release|x86.ActiveCfg = Release|Any CPU
		{58956C4A-C450-4BFE-8AC5-8601446C33EB}.Release|x86.Build.0 = Release|Any CPU
		{58956C4A-C450-4BFE-8AC5-8601446C33EB}.Test|Any CPU.ActiveCfg = Release|Any CPU
		{58956C4A-C450-4BFE-8AC5-8601446C33EB}.Test|Any CPU.Build.0 = Release|Any CPU
		{58956C4A-C450-4BFE-8AC5-8601446C33EB}.Test|x86.ActiveCfg = Release|Any CPU
		{58956C4A-C450-4BFE-8AC5-8601446C33EB}.Test|x86.Build.0 = Release|Any CPU
		{80B40DD8-07F8-47D1-8539-DDC1CA236A75}.Debug|Any CPU.ActiveCfg = Debug|Any CPU
		{80B40DD8-07F8-47D1-8539-DDC1CA236A75}.Debug|Any CPU.Build.0 = Debug|Any CPU
		{80B40DD8-07F8-47D1-8539-DDC1CA236A75}.Debug|x86.ActiveCfg = Debug|Any CPU
		{80B40DD8-07F8-47D1-8539-DDC1CA236A75}.Debug|x86.Build.0 = Debug|Any CPU
		{80B40DD8-07F8-47D1-8539-DDC1CA236A75}.Release|Any CPU.ActiveCfg = Release|Any CPU
		{80B40DD8-07F8-47D1-8539-DDC1CA236A75}.Release|Any CPU.Build.0 = Release|Any CPU
		{80B40DD8-07F8-47D1-8539-DDC1CA236A75}.Release|x86.ActiveCfg = Release|Any CPU
		{80B40DD8-07F8-47D1-8539-DDC1CA236A75}.Release|x86.Build.0 = Release|Any CPU
		{80B40DD8-07F8-47D1-8539-DDC1CA236A75}.Test|Any CPU.ActiveCfg = Release|Any CPU
		{80B40DD8-07F8-47D1-8539-DDC1CA236A75}.Test|Any CPU.Build.0 = Release|Any CPU
		{80B40DD8-07F8-47D1-8539-DDC1CA236A75}.Test|x86.ActiveCfg = Release|Any CPU
		{80B40DD8-07F8-47D1-8539-DDC1CA236A75}.Test|x86.Build.0 = Release|Any CPU
	EndGlobalSection
	GlobalSection(SolutionProperties) = preSolution
		HideSolutionNode = FALSE
	EndGlobalSection
	GlobalSection(NestedProjects) = preSolution
		{49C0DBE3-B765-40EA-BCB3-E5871D863B61} = {AB1C1681-D3AA-4CAD-9FE4-DF2BB4431A8F}
		{58956C4A-C450-4BFE-8AC5-8601446C33EB} = {AB1C1681-D3AA-4CAD-9FE4-DF2BB4431A8F}
		{80B40DD8-07F8-47D1-8539-DDC1CA236A75} = {AB1C1681-D3AA-4CAD-9FE4-DF2BB4431A8F}
	EndGlobalSection
	GlobalSection(ExtensibilityGlobals) = postSolution
		SolutionGuid = {6AEA440B-0D90-4F6E-BA9A-D42B27A78D7B}
	EndGlobalSection
EndGlobal
